
Microsoft Visual Studio Solution File, Format Version 12.00
# Visual Studio Version 17
VisualStudioVersion = 17.4.33403.182
MinimumVisualStudioVersion = 10.0.40219.1
Project("{9A19103F-16F7-4668-BE54-9A1E7A4F7556}") = "ConwaysGameOfLife", "ConwaysGameOfLife.csproj", "{8D977018-D24C-40F7-8F28-6338D3160CD2}"
EndProject
Project("{9A19103F-16F7-4668-BE54-9A1E7A4F7556}") = "ConwaysGameOfLifeTests", "..\ConwaysGameOfLifeTests\ConwaysGameOfLifeTests.csproj", "{AC04500B-C3A5-4B59-A7C7-8809396F93C7}"
EndProject
Global
	GlobalSection(SolutionConfigurationPlatforms) = preSolution
		Debug|Any CPU = Debug|Any CPU
		Release|Any CPU = Release|Any CPU
	EndGlobalSection
	GlobalSection(ProjectConfigurationPlatforms) = postSolution
		{8D977018-D24C-40F7-8F28-6338D3160CD2}.Debug|Any CPU.ActiveCfg = Debug|Any CPU
		{8D977018-D24C-40F7-8F28-6338D3160CD2}.Debug|Any CPU.Build.0 = Debug|Any CPU
		{8D977018-D24C-40F7-8F28-6338D3160CD2}.Release|Any CPU.ActiveCfg = Release|Any CPU
		{8D977018-D24C-40F7-8F28-6338D3160CD2}.Release|Any CPU.Build.0 = Release|Any CPU
		{AC04500B-C3A5-4B59-A7C7-8809396F93C7}.Debug|Any CPU.ActiveCfg = Debug|Any CPU
		{AC04500B-C3A5-4B59-A7C7-8809396F93C7}.Debug|Any CPU.Build.0 = Debug|Any CPU
		{AC04500B-C3A5-4B59-A7C7-8809396F93C7}.Release|Any CPU.ActiveCfg = Release|Any CPU
		{AC04500B-C3A5-4B59-A7C7-8809396F93C7}.Release|Any CPU.Build.0 = Release|Any CPU
	EndGlobalSection
	GlobalSection(SolutionProperties) = preSolution
		HideSolutionNode = FALSE
	EndGlobalSection
	GlobalSection(ExtensibilityGlobals) = postSolution
		SolutionGuid = {29D15C6A-20E6-4CF4-A5E9-5ACCB192492C}
	EndGlobalSection
EndGlobal
